
Microsoft Visual Studio Solution File, Format Version 12.00
# Visual Studio Version 16
VisualStudioVersion = 16.0.35931.194
MinimumVisualStudioVersion = 10.0.40219.1
Project("{FAE04EC0-301F-11D3-BF4B-00C04F79EFBC}") = "Skillearn", "Skillearn\Skillearn.csproj", "{5D3C448E-B0DA-4917-8FE2-8EBCBC9C801A}"
EndProject
Global
	GlobalSection(SolutionConfigurationPlatforms) = preSolution
		Debug|Any CPU = Debug|Any CPU
		Release|Any CPU = Release|Any CPU
	EndGlobalSection
	GlobalSection(ProjectConfigurationPlatforms) = postSolution
		{5D3C448E-B0DA-4917-8FE2-8EBCBC9C801A}.Debug|Any CPU.ActiveCfg = Debug|Any CPU
		{5D3C448E-B0DA-4917-8FE2-8EBCBC9C801A}.Debug|Any CPU.Build.0 = Debug|Any CPU
		{5D3C448E-B0DA-4917-8FE2-8EBCBC9C801A}.Release|Any CPU.ActiveCfg = Release|Any CPU
		{5D3C448E-B0DA-4917-8FE2-8EBCBC9C801A}.Release|Any CPU.Build.0 = Release|Any CPU
	EndGlobalSection
	GlobalSection(SolutionProperties) = preSolution
		HideSolutionNode = FALSE
	EndGlobalSection
	GlobalSection(ExtensibilityGlobals) = postSolution
		SolutionGuid = {2144EDEE-675B-42C5-AAA7-7FB06DA5E516}
	EndGlobalSection
EndGlobal
